// !$*UTF8*$!
{
	archiveVersion = 1;
	classes = {
	};
	objectVersion = 50;
	objects = {

/* Begin PBXBuildFile section */
		FB54E7A4243CAC7000DE1864 /* AppDelegate.swift in Sources */ = {isa = PBXBuildFile; fileRef = FB54E7A3243CAC7000DE1864 /* AppDelegate.swift */; };
		FB54E7A6243CAC7000DE1864 /* SceneDelegate.swift in Sources */ = {isa = PBXBuildFile; fileRef = FB54E7A5243CAC7000DE1864 /* SceneDelegate.swift */; };
		FB54E7A8243CAC7000DE1864 /* ViewController.swift in Sources */ = {isa = PBXBuildFile; fileRef = FB54E7A7243CAC7000DE1864 /* ViewController.swift */; };
		FB54E7AB243CAC7000DE1864 /* Main.storyboard in Resources */ = {isa = PBXBuildFile; fileRef = FB54E7A9243CAC7000DE1864 /* Main.storyboard */; };
		FB54E7AD243CAC7300DE1864 /* Assets.xcassets in Resources */ = {isa = PBXBuildFile; fileRef = FB54E7AC243CAC7300DE1864 /* Assets.xcassets */; };
		FB54E7B0243CAC7300DE1864 /* LaunchScreen.storyboard in Resources */ = {isa = PBXBuildFile; fileRef = FB54E7AE243CAC7300DE1864 /* LaunchScreen.storyboard */; };
		FBA902E9289D4E5700E51610 /* README.md in Resources */ = {isa = PBXBuildFile; fileRef = FBA902E8289D4E5700E51610 /* README.md */; };
		FBA902EC289D4F0200E51610 /* Simulator.png in Resources */ = {isa = PBXBuildFile; fileRef = FBA902EB289D4F0200E51610 /* Simulator.png */; };
/* End PBXBuildFile section */

/* Begin PBXFileReference section */
		FB54E7A0243CAC7000DE1864 /* Project2.app */ = {isa = PBXFileReference; explicitFileType = wrapper.application; includeInIndex = 0; path = Project2.app; sourceTree = BUILT_PRODUCTS_DIR; };
		FB54E7A3243CAC7000DE1864 /* AppDelegate.swift */ = {isa = PBXFileReference; lastKnownFileType = sourcecode.swift; path = AppDelegate.swift; sourceTree = "<group>"; };
		FB54E7A5243CAC7000DE1864 /* SceneDelegate.swift */ = {isa = PBXFileReference; lastKnownFileType = sourcecode.swift; path = SceneDelegate.swift; sourceTree = "<group>"; };
		FB54E7A7243CAC7000DE1864 /* ViewController.swift */ = {isa = PBXFileReference; lastKnownFileType = sourcecode.swift; path = ViewController.swift; sourceTree = "<group>"; };
		FB54E7AA243CAC7000DE1864 /* Base */ = {isa = PBXFileReference; lastKnownFileType = file.storyboard; name = Base; path = Base.lproj/Main.storyboard; sourceTree = "<group>"; };
		FB54E7AC243CAC7300DE1864 /* Assets.xcassets */ = {isa = PBXFileReference; lastKnownFileType = folder.assetcatalog; path = Assets.xcassets; sourceTree = "<group>"; };
		FB54E7AF243CAC7300DE1864 /* Base */ = {isa = PBXFileReference; lastKnownFileType = file.storyboard; name = Base; path = Base.lproj/LaunchScreen.storyboard; sourceTree = "<group>"; };
		FB54E7B1243CAC7300DE1864 /* Info.plist */ = {isa = PBXFileReference; lastKnownFileType = text.plist.xml; path = Info.plist; sourceTree = "<group>"; };
		FBA902E8289D4E5700E51610 /* README.md */ = {isa = PBXFileReference; fileEncoding = 4; lastKnownFileType = net.daringfireball.markdown; path = README.md; sourceTree = "<group>"; };
		FBA902EB289D4F0200E51610 /* Simulator.png */ = {isa = PBXFileReference; lastKnownFileType = image.png; path = Simulator.png; sourceTree = "<group>"; };
/* End PBXFileReference section */

/* Begin PBXFrameworksBuildPhase section */
		FB54E79D243CAC7000DE1864 /* Frameworks */ = {
			isa = PBXFrameworksBuildPhase;
			buildActionMask = 2147483647;
			files = (
			);
			runOnlyForDeploymentPostprocessing = 0;
		};
/* End PBXFrameworksBuildPhase section */

/* Begin PBXGroup section */
		FB54E797243CAC7000DE1864 = {
			isa = PBXGroup;
			children = (
				FB54E7A2243CAC7000DE1864 /* Project2 */,
				FB54E7A1243CAC7000DE1864 /* Products */,
			);
			sourceTree = "<group>";
		};
		FB54E7A1243CAC7000DE1864 /* Products */ = {
			isa = PBXGroup;
			children = (
				FB54E7A0243CAC7000DE1864 /* Project2.app */,
			);
			name = Products;
			sourceTree = "<group>";
		};
		FB54E7A2243CAC7000DE1864 /* Project2 */ = {
			isa = PBXGroup;
			children = (
				FBA902EA289D4E8500E51610 /* images */,
				FB54E7A3243CAC7000DE1864 /* AppDelegate.swift */,
				FB54E7A5243CAC7000DE1864 /* SceneDelegate.swift */,
				FB54E7A7243CAC7000DE1864 /* ViewController.swift */,
				FB54E7A9243CAC7000DE1864 /* Main.storyboard */,
				FB54E7AC243CAC7300DE1864 /* Assets.xcassets */,
				FB54E7AE243CAC7300DE1864 /* LaunchScreen.storyboard */,
				FB54E7B1243CAC7300DE1864 /* Info.plist */,
				FBA902E8289D4E5700E51610 /* README.md */,
			);
			path = Project2;
			sourceTree = "<group>";
		};
		FBA902EA289D4E8500E51610 /* images */ = {
			isa = PBXGroup;
			children = (
				FBA902EB289D4F0200E51610 /* Simulator.png */,
			);
			path = images;
			sourceTree = "<group>";
		};
/* End PBXGroup section */

/* Begin PBXNativeTarget section */
		FB54E79F243CAC7000DE1864 /* Project2 */ = {
			isa = PBXNativeTarget;
			buildConfigurationList = FB54E7B4243CAC7300DE1864 /* Build configuration list for PBXNativeTarget "Project2" */;
			buildPhases = (
				FB54E79C243CAC7000DE1864 /* Sources */,
				FB54E79D243CAC7000DE1864 /* Frameworks */,
				FB54E79E243CAC7000DE1864 /* Resources */,
			);
			buildRules = (
			);
			dependencies = (
			);
			name = Project2;
			productName = Project2;
			productReference = FB54E7A0243CAC7000DE1864 /* Project2.app */;
			productType = "com.apple.product-type.application";
		};
/* End PBXNativeTarget section */

/* Begin PBXProject section */
		FB54E798243CAC7000DE1864 /* Project object */ = {
			isa = PBXProject;
			attributes = {
				LastSwiftUpdateCheck = 1120;
				LastUpgradeCheck = 1120;
				ORGANIZATIONNAME = "Deniz Cengiz";
				TargetAttributes = {
					FB54E79F243CAC7000DE1864 = {
						CreatedOnToolsVersion = 11.2;
					};
				};
			};
			buildConfigurationList = FB54E79B243CAC7000DE1864 /* Build configuration list for PBXProject "Project2" */;
			compatibilityVersion = "Xcode 9.3";
			developmentRegion = en;
			hasScannedForEncodings = 0;
			knownRegions = (
				en,
				Base,
			);
			mainGroup = FB54E797243CAC7000DE1864;
			productRefGroup = FB54E7A1243CAC7000DE1864 /* Products */;
			projectDirPath = "";
			projectRoot = "";
			targets = (
				FB54E79F243CAC7000DE1864 /* Project2 */,
			);
		};
/* End PBXProject section */

/* Begin PBXResourcesBuildPhase section */
		FB54E79E243CAC7000DE1864 /* Resources */ = {
			isa = PBXResourcesBuildPhase;
			buildActionMask = 2147483647;
			files = (
				FB54E7B0243CAC7300DE1864 /* LaunchScreen.storyboard in Resources */,
				FB54E7AD243CAC7300DE1864 /* Assets.xcassets in Resources */,
				FBA902EC289D4F0200E51610 /* Simulator.png in Resources */,
				FBA902E9289D4E5700E51610 /* README.md in Resources */,
				FB54E7AB243CAC7000DE1864 /* Main.storyboard in Resources */,
			);
			runOnlyForDeploymentPostprocessing = 0;
		};
/* End PBXResourcesBuildPhase section */

/* Begin PBXSourcesBuildPhase section */
		FB54E79C243CAC7000DE1864 /* Sources */ = {
			isa = PBXSourcesBuildPhase;
			buildActionMask = 2147483647;
			files = (
				FB54E7A8243CAC7000DE1864 /* ViewController.swift in Sources */,
				FB54E7A4243CAC7000DE1864 /* AppDelegate.swift in Sources */,
				FB54E7A6243CAC7000DE1864 /* SceneDelegate.swift in Sources */,
			);
			runOnlyForDeploymentPostprocessing = 0;
		};
/* End PBXSourcesBuildPhase section */

/* Begin PBXVariantGroup section */
		FB54E7A9243CAC7000DE1864 /* Main.storyboard */ = {
			isa = PBXVariantGroup;
			children = (
				FB54E7AA243CAC7000DE1864 /* Base */,
			);
			name = Main.storyboard;
			sourceTree = "<group>";
		};
		FB54E7AE243CAC7300DE1864 /* LaunchScreen.storyboard */ = {
			isa = PBXVariantGroup;
			children = (
				FB54E7AF243CAC7300DE1864 /* Base */,
			);
			name = LaunchScreen.storyboard;
			sourceTree = "<group>";
		};
/* End PBXVariantGroup section */

/* Begin XCBuildConfiguration section */
		FB54E7B2243CAC7300DE1864 /* Debug */ = {
			isa = XCBuildConfiguration;
			buildSettings = {
				ALWAYS_SEARCH_USER_PATHS = NO;
				CLANG_ANALYZER_NONNULL = YES;
				CLANG_ANALYZER_NUMBER_OBJECT_CONVERSION = YES_AGGRESSIVE;
				CLANG_CXX_LANGUAGE_STANDARD = "gnu++14";
				CLANG_CXX_LIBRARY = "libc++";
				CLANG_ENABLE_MODULES = YES;
				CLANG_ENABLE_OBJC_ARC = YES;
				CLANG_ENABLE_OBJC_WEAK = YES;
				CLANG_WARN_BLOCK_CAPTURE_AUTORELEASING = YES;
				CLANG_WARN_BOOL_CONVERSION = YES;
				CLANG_WARN_COMMA = YES;
				CLANG_WARN_CONSTANT_CONVERSION = YES;
				CLANG_WARN_DEPRECATED_OBJC_IMPLEMENTATIONS = YES;
				CLANG_WARN_DIRECT_OBJC_ISA_USAGE = YES_ERROR;
				CLANG_WARN_DOCUMENTATION_COMMENTS = YES;
				CLANG_WARN_EMPTY_BODY = YES;
				CLANG_WARN_ENUM_CONVERSION = YES;
				CLANG_WARN_INFINITE_RECURSION = YES;
				CLANG_WARN_INT_CONVERSION = YES;
				CLANG_WARN_NON_LITERAL_NULL_CONVERSION = YES;
				CLANG_WARN_OBJC_IMPLICIT_RETAIN_SELF = YES;
				CLANG_WARN_OBJC_LITERAL_CONVERSION = YES;
				CLANG_WARN_OBJC_ROOT_CLASS = YES_ERROR;
				CLANG_WARN_RANGE_LOOP_ANALYSIS = YES;
				CLANG_WARN_STRICT_PROTOTYPES = YES;
				CLANG_WARN_SUSPICIOUS_MOVE = YES;
				CLANG_WARN_UNGUARDED_AVAILABILITY = YES_AGGRESSIVE;
				CLANG_WARN_UNREACHABLE_CODE = YES;
				CLANG_WARN__DUPLICATE_METHOD_MATCH = YES;
				COPY_PHASE_STRIP = NO;
				DEBUG_INFORMATION_FORMAT = dwarf;
				ENABLE_STRICT_OBJC_MSGSEND = YES;
				ENABLE_TESTABILITY = YES;
				GCC_C_LANGUAGE_STANDARD = gnu11;
				GCC_DYNAMIC_NO_PIC = NO;
				GCC_NO_COMMON_BLOCKS = YES;
				GCC_OPTIMIZATION_LEVEL = 0;
				GCC_PREPROCESSOR_DEFINITIONS = (
					"DEBUG=1",
					"$(inherited)",
				);
				GCC_WARN_64_TO_32_BIT_CONVERSION = YES;
				GCC_WARN_ABOUT_RETURN_TYPE = YES_ERROR;
				GCC_WARN_UNDECLARED_SELECTOR = YES;
				GCC_WARN_UNINITIALIZED_AUTOS = YES_AGGRESSIVE;
				GCC_WARN_UNUSED_FUNCTION = YES;
				GCC_WARN_UNUSED_VARIABLE = YES;
				IPHONEOS_DEPLOYMENT_TARGET = 13.2;
				MTL_ENABLE_DEBUG_INFO = INCLUDE_SOURCE;
				MTL_FAST_MATH = YES;
				ONLY_ACTIVE_ARCH = YES;
				SDKROOT = iphoneos;
				SWIFT_ACTIVE_COMPILATION_CONDITIONS = DEBUG;
				SWIFT_OPTIMIZATION_LEVEL = "-Onone";
			};
			name = Debug;
		};
		FB54E7B3243CAC7300DE1864 /* Release */ = {
			isa = XCBuildConfiguration;
			buildSettings = {
				ALWAYS_SEARCH_USER_PATHS = NO;
				CLANG_ANALYZER_NONNULL = YES;
				CLANG_ANALYZER_NUMBER_OBJECT_CONVERSION = YES_AGGRESSIVE;
				CLANG_CXX_LANGUAGE_STANDARD = "gnu++14";
				CLANG_CXX_LIBRARY = "libc++";
				CLANG_ENABLE_MODULES = YES;
				CLANG_ENABLE_OBJC_ARC = YES;
				CLANG_ENABLE_OBJC_WEAK = YES;
				CLANG_WARN_BLOCK_CAPTURE_AUTORELEASING = YES;
				CLANG_WARN_BOOL_CONVERSION = YES;
				CLANG_WARN_COMMA = YES;
				CLANG_WARN_CONSTANT_CONVERSION = YES;
				CLANG_WARN_DEPRECATED_OBJC_IMPLEMENTATIONS = YES;
				CLANG_WARN_DIRECT_OBJC_ISA_USAGE = YES_ERROR;
				CLANG_WARN_DOCUMENTATION_COMMENTS = YES;
				CLANG_WARN_EMPTY_BODY = YES;
				CLANG_WARN_ENUM_CONVERSION = YES;
				CLANG_WARN_INFINITE_RECURSION = YES;
				CLANG_WARN_INT_CONVERSION = YES;
				CLANG_WARN_NON_LITERAL_NULL_CONVERSION = YES;
				CLANG_WARN_OBJC_IMPLICIT_RETAIN_SELF = YES;
				CLANG_WARN_OBJC_LITERAL_CONVERSION = YES;
				CLANG_WARN_OBJC_ROOT_CLASS = YES_ERROR;
				CLANG_WARN_RANGE_LOOP_ANALYSIS = YES;
				CLANG_WARN_STRICT_PROTOTYPES = YES;
				CLANG_WARN_SUSPICIOUS_MOVE = YES;
				CLANG_WARN_UNGUARDED_AVAILABILITY = YES_AGGRESSIVE;
				CLANG_WARN_UNREACHABLE_CODE = YES;
				CLANG_WARN__DUPLICATE_METHOD_MATCH = YES;
				COPY_PHASE_STRIP = NO;
				DEBUG_INFORMATION_FORMAT = "dwarf-with-dsym";
				ENABLE_NS_ASSERTIONS = NO;
				ENABLE_STRICT_OBJC_MSGSEND = YES;
				GCC_C_LANGUAGE_STANDARD = gnu11;
				GCC_NO_COMMON_BLOCKS = YES;
				GCC_WARN_64_TO_32_BIT_CONVERSION = YES;
				GCC_WARN_ABOUT_RETURN_TYPE = YES_ERROR;
				GCC_WARN_UNDECLARED_SELECTOR = YES;
				GCC_WARN_UNINITIALIZED_AUTOS = YES_AGGRESSIVE;
				GCC_WARN_UNUSED_FUNCTION = YES;
				GCC_WARN_UNUSED_VARIABLE = YES;
				IPHONEOS_DEPLOYMENT_TARGET = 13.2;
				MTL_ENABLE_DEBUG_INFO = NO;
				MTL_FAST_MATH = YES;
				SDKROOT = iphoneos;
				SWIFT_COMPILATION_MODE = wholemodule;
				SWIFT_OPTIMIZATION_LEVEL = "-O";
				VALIDATE_PRODUCT = YES;
			};
			name = Release;
		};
		FB54E7B5243CAC7300DE1864 /* Debug */ = {
			isa = XCBuildConfiguration;
			buildSettings = {
				ASSETCATALOG_COMPILER_APPICON_NAME = AppIcon;
				CODE_SIGN_STYLE = Automatic;
				INFOPLIST_FILE = Project2/Info.plist;
				LD_RUNPATH_SEARCH_PATHS = (
					"$(inherited)",
					"@executable_path/Frameworks",
				);
				PRODUCT_BUNDLE_IDENTIFIER = com.denizcengiz.Project2;
				PRODUCT_NAME = "$(TARGET_NAME)";
				SWIFT_VERSION = 5.0;
				TARGETED_DEVICE_FAMILY = "1,2";
			};
			name = Debug;
		};
		FB54E7B6243CAC7300DE1864 /* Release */ = {
			isa = XCBuildConfiguration;
			buildSettings = {
				ASSETCATALOG_COMPILER_APPICON_NAME = AppIcon;
				CODE_SIGN_STYLE = Automatic;
				INFOPLIST_FILE = Project2/Info.plist;
				LD_RUNPATH_SEARCH_PATHS = (
					"$(inherited)",
					"@executable_path/Frameworks",
				);
				PRODUCT_BUNDLE_IDENTIFIER = com.denizcengiz.Project2;
				PRODUCT_NAME = "$(TARGET_NAME)";
				SWIFT_VERSION = 5.0;
				TARGETED_DEVICE_FAMILY = "1,2";
			};
			name = Release;
		};
/* End XCBuildConfiguration section */

/* Begin XCConfigurationList section */
		FB54E79B243CAC7000DE1864 /* Build configuration list for PBXProject "Project2" */ = {
			isa = XCConfigurationList;
			buildConfigurations = (
				FB54E7B2243CAC7300DE1864 /* Debug */,
				FB54E7B3243CAC7300DE1864 /* Release */,
			);
			defaultConfigurationIsVisible = 0;
			defaultConfigurationName = Release;
		};
		FB54E7B4243CAC7300DE1864 /* Build configuration list for PBXNativeTarget "Project2" */ = {
			isa = XCConfigurationList;
			buildConfigurations = (
				FB54E7B5243CAC7300DE1864 /* Debug */,
				FB54E7B6243CAC7300DE1864 /* Release */,
			);
			defaultConfigurationIsVisible = 0;
			defaultConfigurationName = Release;
		};
/* End XCConfigurationList section */
	};
	rootObject = FB54E798243CAC7000DE1864 /* Project object */;
}
